
Microsoft Visual Studio Solution File, Format Version 12.00
# Visual Studio Version 16
VisualStudioVersion = 16.0.30523.141
MinimumVisualStudioVersion = 10.0.40219.1
Project("{FAE04EC0-301F-11D3-BF4B-00C04F79EFBC}") = "DiscordNSAbot", "DiscordNSAbot\DiscordNSAbot.csproj", "{B2A515C9-5399-483D-B57E-B79808F34914}"
EndProject
Global
	GlobalSection(SolutionConfigurationPlatforms) = preSolution
		Debug|Any CPU = Debug|Any CPU
		Release|Any CPU = Release|Any CPU
	EndGlobalSection
	GlobalSection(ProjectConfigurationPlatforms) = postSolution
		{B2A515C9-5399-483D-B57E-B79808F34914}.Debug|Any CPU.ActiveCfg = Debug|Any CPU
		{B2A515C9-5399-483D-B57E-B79808F34914}.Debug|Any CPU.Build.0 = Debug|Any CPU
		{B2A515C9-5399-483D-B57E-B79808F34914}.Release|Any CPU.ActiveCfg = Release|Any CPU
		{B2A515C9-5399-483D-B57E-B79808F34914}.Release|Any CPU.Build.0 = Release|Any CPU
	EndGlobalSection
	GlobalSection(SolutionProperties) = preSolution
		HideSolutionNode = FALSE
	EndGlobalSection
	GlobalSection(ExtensibilityGlobals) = postSolution
		SolutionGuid = {FCE64E2E-765A-4A71-ABCD-EAD111672368}
	EndGlobalSection
EndGlobal
